
Microsoft Visual Studio Solution File, Format Version 12.00
# Visual Studio Version 17
VisualStudioVersion = 17.2.32526.322
MinimumVisualStudioVersion = 10.0.40219.1
Project("{FAE04EC0-301F-11D3-BF4B-00C04F79EFBC}") = "Gentex", "Gentex\Gentex.csproj", "{C9307FD9-FEB0-49A8-9753-904332A7B6F1}"
EndProject
Global
	GlobalSection(SolutionConfigurationPlatforms) = preSolution
		Debug|Any CPU = Debug|Any CPU
		Release|Any CPU = Release|Any CPU
	EndGlobalSection
	GlobalSection(ProjectConfigurationPlatforms) = postSolution
		{C9307FD9-FEB0-49A8-9753-904332A7B6F1}.Debug|Any CPU.ActiveCfg = Debug|Any CPU
		{C9307FD9-FEB0-49A8-9753-904332A7B6F1}.Debug|Any CPU.Build.0 = Debug|Any CPU
		{C9307FD9-FEB0-49A8-9753-904332A7B6F1}.Release|Any CPU.ActiveCfg = Release|Any CPU
		{C9307FD9-FEB0-49A8-9753-904332A7B6F1}.Release|Any CPU.Build.0 = Release|Any CPU
	EndGlobalSection
	GlobalSection(SolutionProperties) = preSolution
		HideSolutionNode = FALSE
	EndGlobalSection
	GlobalSection(ExtensibilityGlobals) = postSolution
		SolutionGuid = {1F37C2AE-B38F-4A8F-A266-4EB14D59964A}
	EndGlobalSection
EndGlobal
